// !$*UTF8*$!
{
	archiveVersion = 1;
	classes = {
	};
	objectVersion = 56;
	objects = {

/* Begin PBXBuildFile section */
		27EF662328EC269000C1E570 /* AppDelegate.swift in Sources */ = {isa = PBXBuildFile; fileRef = 27EF662228EC269000C1E570 /* AppDelegate.swift */; };
		27EF662528EC269000C1E570 /* SceneDelegate.swift in Sources */ = {isa = PBXBuildFile; fileRef = 27EF662428EC269000C1E570 /* SceneDelegate.swift */; };
		27EF662A28EC269000C1E570 /* Main.storyboard in Resources */ = {isa = PBXBuildFile; fileRef = 27EF662828EC269000C1E570 /* Main.storyboard */; };
		27EF662C28EC269200C1E570 /* Assets.xcassets in Resources */ = {isa = PBXBuildFile; fileRef = 27EF662B28EC269200C1E570 /* Assets.xcassets */; };
		27EF662F28EC269200C1E570 /* LaunchScreen.storyboard in Resources */ = {isa = PBXBuildFile; fileRef = 27EF662D28EC269200C1E570 /* LaunchScreen.storyboard */; };
		27F2E71F28EC28C700CFE9F2 /* MainTabController.swift in Sources */ = {isa = PBXBuildFile; fileRef = 27F2E71E28EC28C700CFE9F2 /* MainTabController.swift */; };
		27F2E72128EC2A4900CFE9F2 /* FeedController.swift in Sources */ = {isa = PBXBuildFile; fileRef = 27F2E72028EC2A4900CFE9F2 /* FeedController.swift */; };
		27F2E72328EC2A9800CFE9F2 /* ExploreController.swift in Sources */ = {isa = PBXBuildFile; fileRef = 27F2E72228EC2A9800CFE9F2 /* ExploreController.swift */; };
		27F2E72528EC2AD700CFE9F2 /* NotificationController.swift in Sources */ = {isa = PBXBuildFile; fileRef = 27F2E72428EC2AD700CFE9F2 /* NotificationController.swift */; };
		27F2E72728EC2AED00CFE9F2 /* ConversationsController.swift in Sources */ = {isa = PBXBuildFile; fileRef = 27F2E72628EC2AED00CFE9F2 /* ConversationsController.swift */; };
		27F2E72928EC3BF000CFE9F2 /* Extension.swift in Sources */ = {isa = PBXBuildFile; fileRef = 27F2E72828EC3BF000CFE9F2 /* Extension.swift */; };
		27F2E72C28EC456200CFE9F2 /* LoginController.swift in Sources */ = {isa = PBXBuildFile; fileRef = 27F2E72B28EC456200CFE9F2 /* LoginController.swift */; };
		27F2E72E28EC465700CFE9F2 /* RegisterationController.swift in Sources */ = {isa = PBXBuildFile; fileRef = 27F2E72D28EC465700CFE9F2 /* RegisterationController.swift */; };
		27F2E73028EC65BC00CFE9F2 /* Utilities.swift in Sources */ = {isa = PBXBuildFile; fileRef = 27F2E72F28EC65BC00CFE9F2 /* Utilities.swift */; };
		63254B5529111A7E00C90DEC /* EditProfileController.swift in Sources */ = {isa = PBXBuildFile; fileRef = 63254B5429111A7E00C90DEC /* EditProfileController.swift */; };
		63254B5829111E9F00C90DEC /* EditProfileHeader.swift in Sources */ = {isa = PBXBuildFile; fileRef = 63254B5729111E9F00C90DEC /* EditProfileHeader.swift */; };
		63254B5A291147ED00C90DEC /* EditProfileViewModel.swift in Sources */ = {isa = PBXBuildFile; fileRef = 63254B59291147ED00C90DEC /* EditProfileViewModel.swift */; };
		63254B5C2911487000C90DEC /* EditProfileCell.swift in Sources */ = {isa = PBXBuildFile; fileRef = 63254B5B2911487000C90DEC /* EditProfileCell.swift */; };
		635B56AE28EF15A6005C13BF /* GoogleService-Info.plist in Resources */ = {isa = PBXBuildFile; fileRef = 635B56AD28EF15A6005C13BF /* GoogleService-Info.plist */; };
		639EA1FE28EFF85000564ED9 /* Constants.swift in Sources */ = {isa = PBXBuildFile; fileRef = 639EA1FD28EFF85000564ED9 /* Constants.swift */; };
		639EA20028F003E300564ED9 /* AuthService.swift in Sources */ = {isa = PBXBuildFile; fileRef = 639EA1FF28F003E300564ED9 /* AuthService.swift */; };
		639EA20228F068D500564ED9 /* UserService.swift in Sources */ = {isa = PBXBuildFile; fileRef = 639EA20128F068D500564ED9 /* UserService.swift */; };
		639EA20428F06D9A00564ED9 /* User.swift in Sources */ = {isa = PBXBuildFile; fileRef = 639EA20328F06D9A00564ED9 /* User.swift */; };
		639EA20628F310F800564ED9 /* UpLoadTweetController.swift in Sources */ = {isa = PBXBuildFile; fileRef = 639EA20528F310F800564ED9 /* UpLoadTweetController.swift */; };
		639EA20828F318FC00564ED9 /* InputTextView.swift in Sources */ = {isa = PBXBuildFile; fileRef = 639EA20728F318FC00564ED9 /* InputTextView.swift */; };
		639EA20A28F31E6700564ED9 /* TweetService.swift in Sources */ = {isa = PBXBuildFile; fileRef = 639EA20928F31E6700564ED9 /* TweetService.swift */; };
		639EA20C28F5320E00564ED9 /* Tweet.swift in Sources */ = {isa = PBXBuildFile; fileRef = 639EA20B28F5320E00564ED9 /* Tweet.swift */; };
		639EA20E28F5390900564ED9 /* TweetCell.swift in Sources */ = {isa = PBXBuildFile; fileRef = 639EA20D28F5390900564ED9 /* TweetCell.swift */; };
		639EA21028F54B1B00564ED9 /* TweetViewModel.swift in Sources */ = {isa = PBXBuildFile; fileRef = 639EA20F28F54B1B00564ED9 /* TweetViewModel.swift */; };
		639EA21228F5720200564ED9 /* ProfileController.swift in Sources */ = {isa = PBXBuildFile; fileRef = 639EA21128F5720200564ED9 /* ProfileController.swift */; };
		639EA21428F5A38400564ED9 /* ProfileHeader.swift in Sources */ = {isa = PBXBuildFile; fileRef = 639EA21328F5A38400564ED9 /* ProfileHeader.swift */; };
		639EA21628F64EE600564ED9 /* ProfileFillterView.swift in Sources */ = {isa = PBXBuildFile; fileRef = 639EA21528F64EE600564ED9 /* ProfileFillterView.swift */; };
		639EA21828F6513B00564ED9 /* ProfileFilterCell.swift in Sources */ = {isa = PBXBuildFile; fileRef = 639EA21728F6513B00564ED9 /* ProfileFilterCell.swift */; };
		639EA21A28F65A6A00564ED9 /* ProfileHeaderViewModel.swift in Sources */ = {isa = PBXBuildFile; fileRef = 639EA21928F65A6A00564ED9 /* ProfileHeaderViewModel.swift */; };
		639EA21C28F6919900564ED9 /* UserCell.swift in Sources */ = {isa = PBXBuildFile; fileRef = 639EA21B28F6919900564ED9 /* UserCell.swift */; };
		63C5ADF72914139C0061132B /* EditProfileFooter.swift in Sources */ = {isa = PBXBuildFile; fileRef = 63C5ADF62914139C0061132B /* EditProfileFooter.swift */; };
		63C5ADF92916A6260061132B /* LoginViewModel.swift in Sources */ = {isa = PBXBuildFile; fileRef = 63C5ADF82916A6260061132B /* LoginViewModel.swift */; };
		63C5ADFB2916AC8C0061132B /* RegisterViewModel.swift in Sources */ = {isa = PBXBuildFile; fileRef = 63C5ADFA2916AC8C0061132B /* RegisterViewModel.swift */; };
		63D0BA6A28FC4313009F369A /* .swiftlint.yml in Resources */ = {isa = PBXBuildFile; fileRef = 63D0BA6928FC4313009F369A /* .swiftlint.yml */; };
		63D0BA6C29003714009F369A /* TweetController.swift in Sources */ = {isa = PBXBuildFile; fileRef = 63D0BA6B29003714009F369A /* TweetController.swift */; };
		63D0BA6E29003A6D009F369A /* TweetHeader.swift in Sources */ = {isa = PBXBuildFile; fileRef = 63D0BA6D29003A6D009F369A /* TweetHeader.swift */; };
		63D0BA702903DE0B009F369A /* UploadTweetViewModel.swift in Sources */ = {isa = PBXBuildFile; fileRef = 63D0BA6F2903DE0B009F369A /* UploadTweetViewModel.swift */; };
		63D0BA7229058B5D009F369A /* ActionSheetLauncher.swift in Sources */ = {isa = PBXBuildFile; fileRef = 63D0BA7129058B5D009F369A /* ActionSheetLauncher.swift */; };
		63D0BA742905935E009F369A /* ActionSheetCell.swift in Sources */ = {isa = PBXBuildFile; fileRef = 63D0BA732905935E009F369A /* ActionSheetCell.swift */; };
		63D0BA76290598E2009F369A /* ActionSheetViewModel.swift in Sources */ = {isa = PBXBuildFile; fileRef = 63D0BA75290598E2009F369A /* ActionSheetViewModel.swift */; };
		63D0BA78290685B6009F369A /* Notification.swift in Sources */ = {isa = PBXBuildFile; fileRef = 63D0BA77290685B6009F369A /* Notification.swift */; };
		63D0BA7A2906B002009F369A /* NotificationService.swift in Sources */ = {isa = PBXBuildFile; fileRef = 63D0BA792906B002009F369A /* NotificationService.swift */; };
		63D0BA7C2906C632009F369A /* NotificationCell.swift in Sources */ = {isa = PBXBuildFile; fileRef = 63D0BA7B2906C632009F369A /* NotificationCell.swift */; };
		63D0BA7E29096372009F369A /* NotificationViewModel.swift in Sources */ = {isa = PBXBuildFile; fileRef = 63D0BA7D29096372009F369A /* NotificationViewModel.swift */; };
		680FA38579CCBD581089FD96 /* Pods_TwitterPractice.framework in Frameworks */ = {isa = PBXBuildFile; fileRef = C0159610B50AE6148320A5C8 /* Pods_TwitterPractice.framework */; };
/* End PBXBuildFile section */

/* Begin PBXFileReference section */
		230345CC2403201D3771D593 /* Pods-TwitterPractice.release.xcconfig */ = {isa = PBXFileReference; includeInIndex = 1; lastKnownFileType = text.xcconfig; name = "Pods-TwitterPractice.release.xcconfig"; path = "Target Support Files/Pods-TwitterPractice/Pods-TwitterPractice.release.xcconfig"; sourceTree = "<group>"; };
		27EF661F28EC269000C1E570 /* TwitterPractice.app */ = {isa = PBXFileReference; explicitFileType = wrapper.application; includeInIndex = 0; path = TwitterPractice.app; sourceTree = BUILT_PRODUCTS_DIR; };
		27EF662228EC269000C1E570 /* AppDelegate.swift */ = {isa = PBXFileReference; lastKnownFileType = sourcecode.swift; path = AppDelegate.swift; sourceTree = "<group>"; };
		27EF662428EC269000C1E570 /* SceneDelegate.swift */ = {isa = PBXFileReference; lastKnownFileType = sourcecode.swift; path = SceneDelegate.swift; sourceTree = "<group>"; };
		27EF662928EC269000C1E570 /* Base */ = {isa = PBXFileReference; lastKnownFileType = file.storyboard; name = Base; path = Base.lproj/Main.storyboard; sourceTree = "<group>"; };
		27EF662B28EC269200C1E570 /* Assets.xcassets */ = {isa = PBXFileReference; lastKnownFileType = folder.assetcatalog; path = Assets.xcassets; sourceTree = "<group>"; };
		27EF662E28EC269200C1E570 /* Base */ = {isa = PBXFileReference; lastKnownFileType = file.storyboard; name = Base; path = Base.lproj/LaunchScreen.storyboard; sourceTree = "<group>"; };
		27EF663028EC269200C1E570 /* Info.plist */ = {isa = PBXFileReference; lastKnownFileType = text.plist.xml; path = Info.plist; sourceTree = "<group>"; };
		27F2E71E28EC28C700CFE9F2 /* MainTabController.swift */ = {isa = PBXFileReference; lastKnownFileType = sourcecode.swift; path = MainTabController.swift; sourceTree = "<group>"; };
		27F2E72028EC2A4900CFE9F2 /* FeedController.swift */ = {isa = PBXFileReference; lastKnownFileType = sourcecode.swift; path = FeedController.swift; sourceTree = "<group>"; };
		27F2E72228EC2A9800CFE9F2 /* ExploreController.swift */ = {isa = PBXFileReference; lastKnownFileType = sourcecode.swift; path = ExploreController.swift; sourceTree = "<group>"; };
		27F2E72428EC2AD700CFE9F2 /* NotificationController.swift */ = {isa = PBXFileReference; lastKnownFileType = sourcecode.swift; path = NotificationController.swift; sourceTree = "<group>"; };
		27F2E72628EC2AED00CFE9F2 /* ConversationsController.swift */ = {isa = PBXFileReference; lastKnownFileType = sourcecode.swift; path = ConversationsController.swift; sourceTree = "<group>"; };
		27F2E72828EC3BF000CFE9F2 /* Extension.swift */ = {isa = PBXFileReference; lastKnownFileType = sourcecode.swift; path = Extension.swift; sourceTree = "<group>"; };
		27F2E72B28EC456200CFE9F2 /* LoginController.swift */ = {isa = PBXFileReference; lastKnownFileType = sourcecode.swift; path = LoginController.swift; sourceTree = "<group>"; };
		27F2E72D28EC465700CFE9F2 /* RegisterationController.swift */ = {isa = PBXFileReference; lastKnownFileType = sourcecode.swift; path = RegisterationController.swift; sourceTree = "<group>"; };
		27F2E72F28EC65BC00CFE9F2 /* Utilities.swift */ = {isa = PBXFileReference; lastKnownFileType = sourcecode.swift; path = Utilities.swift; sourceTree = "<group>"; };
		63254B5429111A7E00C90DEC /* EditProfileController.swift */ = {isa = PBXFileReference; lastKnownFileType = sourcecode.swift; path = EditProfileController.swift; sourceTree = "<group>"; };
		63254B5729111E9F00C90DEC /* EditProfileHeader.swift */ = {isa = PBXFileReference; lastKnownFileType = sourcecode.swift; path = EditProfileHeader.swift; sourceTree = "<group>"; };
		63254B59291147ED00C90DEC /* EditProfileViewModel.swift */ = {isa = PBXFileReference; lastKnownFileType = sourcecode.swift; path = EditProfileViewModel.swift; sourceTree = "<group>"; };
		63254B5B2911487000C90DEC /* EditProfileCell.swift */ = {isa = PBXFileReference; lastKnownFileType = sourcecode.swift; path = EditProfileCell.swift; sourceTree = "<group>"; };
		635B56AD28EF15A6005C13BF /* GoogleService-Info.plist */ = {isa = PBXFileReference; lastKnownFileType = text.plist; path = "GoogleService-Info.plist"; sourceTree = SOURCE_ROOT; };
		639EA1FD28EFF85000564ED9 /* Constants.swift */ = {isa = PBXFileReference; lastKnownFileType = sourcecode.swift; path = Constants.swift; sourceTree = "<group>"; };
		639EA1FF28F003E300564ED9 /* AuthService.swift */ = {isa = PBXFileReference; lastKnownFileType = sourcecode.swift; path = AuthService.swift; sourceTree = "<group>"; };
		639EA20128F068D500564ED9 /* UserService.swift */ = {isa = PBXFileReference; lastKnownFileType = sourcecode.swift; path = UserService.swift; sourceTree = "<group>"; };
		639EA20328F06D9A00564ED9 /* User.swift */ = {isa = PBXFileReference; lastKnownFileType = sourcecode.swift; path = User.swift; sourceTree = "<group>"; };
		639EA20528F310F800564ED9 /* UpLoadTweetController.swift */ = {isa = PBXFileReference; lastKnownFileType = sourcecode.swift; path = UpLoadTweetController.swift; sourceTree = "<group>"; };
		639EA20728F318FC00564ED9 /* InputTextView.swift */ = {isa = PBXFileReference; lastKnownFileType = sourcecode.swift; path = InputTextView.swift; sourceTree = "<group>"; };
		639EA20928F31E6700564ED9 /* TweetService.swift */ = {isa = PBXFileReference; lastKnownFileType = sourcecode.swift; path = TweetService.swift; sourceTree = "<group>"; };
		639EA20B28F5320E00564ED9 /* Tweet.swift */ = {isa = PBXFileReference; lastKnownFileType = sourcecode.swift; path = Tweet.swift; sourceTree = "<group>"; };
		639EA20D28F5390900564ED9 /* TweetCell.swift */ = {isa = PBXFileReference; lastKnownFileType = sourcecode.swift; path = TweetCell.swift; sourceTree = "<group>"; };
		639EA20F28F54B1B00564ED9 /* TweetViewModel.swift */ = {isa = PBXFileReference; lastKnownFileType = sourcecode.swift; path = TweetViewModel.swift; sourceTree = "<group>"; };
		639EA21128F5720200564ED9 /* ProfileController.swift */ = {isa = PBXFileReference; lastKnownFileType = sourcecode.swift; path = ProfileController.swift; sourceTree = "<group>"; };
		639EA21328F5A38400564ED9 /* ProfileHeader.swift */ = {isa = PBXFileReference; lastKnownFileType = sourcecode.swift; path = ProfileHeader.swift; sourceTree = "<group>"; };
		639EA21528F64EE600564ED9 /* ProfileFillterView.swift */ = {isa = PBXFileReference; lastKnownFileType = sourcecode.swift; path = ProfileFillterView.swift; sourceTree = "<group>"; };
		639EA21728F6513B00564ED9 /* ProfileFilterCell.swift */ = {isa = PBXFileReference; lastKnownFileType = sourcecode.swift; path = ProfileFilterCell.swift; sourceTree = "<group>"; };
		639EA21928F65A6A00564ED9 /* ProfileHeaderViewModel.swift */ = {isa = PBXFileReference; lastKnownFileType = sourcecode.swift; path = ProfileHeaderViewModel.swift; sourceTree = "<group>"; };
		639EA21B28F6919900564ED9 /* UserCell.swift */ = {isa = PBXFileReference; lastKnownFileType = sourcecode.swift; path = UserCell.swift; sourceTree = "<group>"; };
		63C5ADF62914139C0061132B /* EditProfileFooter.swift */ = {isa = PBXFileReference; lastKnownFileType = sourcecode.swift; path = EditProfileFooter.swift; sourceTree = "<group>"; };
		63C5ADF82916A6260061132B /* LoginViewModel.swift */ = {isa = PBXFileReference; lastKnownFileType = sourcecode.swift; path = LoginViewModel.swift; sourceTree = "<group>"; };
		63C5ADFA2916AC8C0061132B /* RegisterViewModel.swift */ = {isa = PBXFileReference; lastKnownFileType = sourcecode.swift; path = RegisterViewModel.swift; sourceTree = "<group>"; };
		63D0BA6928FC4313009F369A /* .swiftlint.yml */ = {isa = PBXFileReference; lastKnownFileType = text.yaml; path = .swiftlint.yml; sourceTree = "<group>"; };
		63D0BA6B29003714009F369A /* TweetController.swift */ = {isa = PBXFileReference; lastKnownFileType = sourcecode.swift; path = TweetController.swift; sourceTree = "<group>"; };
		63D0BA6D29003A6D009F369A /* TweetHeader.swift */ = {isa = PBXFileReference; lastKnownFileType = sourcecode.swift; path = TweetHeader.swift; sourceTree = "<group>"; };
		63D0BA6F2903DE0B009F369A /* UploadTweetViewModel.swift */ = {isa = PBXFileReference; lastKnownFileType = sourcecode.swift; path = UploadTweetViewModel.swift; sourceTree = "<group>"; };
		63D0BA7129058B5D009F369A /* ActionSheetLauncher.swift */ = {isa = PBXFileReference; lastKnownFileType = sourcecode.swift; path = ActionSheetLauncher.swift; sourceTree = "<group>"; };
		63D0BA732905935E009F369A /* ActionSheetCell.swift */ = {isa = PBXFileReference; lastKnownFileType = sourcecode.swift; path = ActionSheetCell.swift; sourceTree = "<group>"; };
		63D0BA75290598E2009F369A /* ActionSheetViewModel.swift */ = {isa = PBXFileReference; lastKnownFileType = sourcecode.swift; path = ActionSheetViewModel.swift; sourceTree = "<group>"; };
		63D0BA77290685B6009F369A /* Notification.swift */ = {isa = PBXFileReference; lastKnownFileType = sourcecode.swift; path = Notification.swift; sourceTree = "<group>"; };
		63D0BA792906B002009F369A /* NotificationService.swift */ = {isa = PBXFileReference; lastKnownFileType = sourcecode.swift; path = NotificationService.swift; sourceTree = "<group>"; };
		63D0BA7B2906C632009F369A /* NotificationCell.swift */ = {isa = PBXFileReference; lastKnownFileType = sourcecode.swift; path = NotificationCell.swift; sourceTree = "<group>"; };
		63D0BA7D29096372009F369A /* NotificationViewModel.swift */ = {isa = PBXFileReference; lastKnownFileType = sourcecode.swift; path = NotificationViewModel.swift; sourceTree = "<group>"; };
		C0159610B50AE6148320A5C8 /* Pods_TwitterPractice.framework */ = {isa = PBXFileReference; explicitFileType = wrapper.framework; includeInIndex = 0; path = Pods_TwitterPractice.framework; sourceTree = BUILT_PRODUCTS_DIR; };
		D65F55A2752C446AF085974D /* Pods-TwitterPractice.debug.xcconfig */ = {isa = PBXFileReference; includeInIndex = 1; lastKnownFileType = text.xcconfig; name = "Pods-TwitterPractice.debug.xcconfig"; path = "Target Support Files/Pods-TwitterPractice/Pods-TwitterPractice.debug.xcconfig"; sourceTree = "<group>"; };
/* End PBXFileReference section */

/* Begin PBXFrameworksBuildPhase section */
		27EF661C28EC269000C1E570 /* Frameworks */ = {
			isa = PBXFrameworksBuildPhase;
			buildActionMask = 2147483647;
			files = (
				680FA38579CCBD581089FD96 /* Pods_TwitterPractice.framework in Frameworks */,
			);
			runOnlyForDeploymentPostprocessing = 0;
		};
/* End PBXFrameworksBuildPhase section */

/* Begin PBXGroup section */
		27EF661628EC269000C1E570 = {
			isa = PBXGroup;
			children = (
				63D0BA6928FC4313009F369A /* .swiftlint.yml */,
				27EF662128EC269000C1E570 /* TwitterPractice */,
				27EF662028EC269000C1E570 /* Products */,
				A655AF18C9F5F374FE2B6528 /* Pods */,
				74627F6172BBC51A2F2AC8C8 /* Frameworks */,
			);
			sourceTree = "<group>";
		};
		27EF662028EC269000C1E570 /* Products */ = {
			isa = PBXGroup;
			children = (
				27EF661F28EC269000C1E570 /* TwitterPractice.app */,
			);
			name = Products;
			sourceTree = "<group>";
		};
		27EF662128EC269000C1E570 /* TwitterPractice */ = {
			isa = PBXGroup;
			children = (
				639EA1FB28EFF7F100564ED9 /* Model */,
				639EA1F928EFF7E300564ED9 /* View */,
				639EA1FA28EFF7E800564ED9 /* ViewModel */,
				27F2E71B28EC280F00CFE9F2 /* Controller */,
				27F2E71D28EC282300CFE9F2 /* Utils */,
				639EA1FC28EFF7FC00564ED9 /* API */,
				27EF662228EC269000C1E570 /* AppDelegate.swift */,
				27EF662428EC269000C1E570 /* SceneDelegate.swift */,
				27EF662828EC269000C1E570 /* Main.storyboard */,
				27EF662B28EC269200C1E570 /* Assets.xcassets */,
				27EF662D28EC269200C1E570 /* LaunchScreen.storyboard */,
				635B56AD28EF15A6005C13BF /* GoogleService-Info.plist */,
				27EF663028EC269200C1E570 /* Info.plist */,
			);
			path = TwitterPractice;
			sourceTree = "<group>";
		};
		27F2E71B28EC280F00CFE9F2 /* Controller */ = {
			isa = PBXGroup;
			children = (
				27F2E72A28EC454500CFE9F2 /* Authentication */,
				27F2E71E28EC28C700CFE9F2 /* MainTabController.swift */,
				27F2E72028EC2A4900CFE9F2 /* FeedController.swift */,
				27F2E72228EC2A9800CFE9F2 /* ExploreController.swift */,
				27F2E72428EC2AD700CFE9F2 /* NotificationController.swift */,
				27F2E72628EC2AED00CFE9F2 /* ConversationsController.swift */,
				639EA20528F310F800564ED9 /* UpLoadTweetController.swift */,
				639EA21128F5720200564ED9 /* ProfileController.swift */,
				63D0BA6B29003714009F369A /* TweetController.swift */,
				63254B5429111A7E00C90DEC /* EditProfileController.swift */,
			);
			path = Controller;
			sourceTree = "<group>";
		};
		27F2E71D28EC282300CFE9F2 /* Utils */ = {
			isa = PBXGroup;
			children = (
				27F2E72828EC3BF000CFE9F2 /* Extension.swift */,
				27F2E72F28EC65BC00CFE9F2 /* Utilities.swift */,
				639EA1FD28EFF85000564ED9 /* Constants.swift */,
				63D0BA7129058B5D009F369A /* ActionSheetLauncher.swift */,
			);
			path = Utils;
			sourceTree = "<group>";
		};
		27F2E72A28EC454500CFE9F2 /* Authentication */ = {
			isa = PBXGroup;
			children = (
				27F2E72B28EC456200CFE9F2 /* LoginController.swift */,
				27F2E72D28EC465700CFE9F2 /* RegisterationController.swift */,
			);
			path = Authentication;
			sourceTree = "<group>";
		};
		63254B5629111E7600C90DEC /* Profile */ = {
			isa = PBXGroup;
			children = (
				639EA21328F5A38400564ED9 /* ProfileHeader.swift */,
				639EA21528F64EE600564ED9 /* ProfileFillterView.swift */,
				639EA21728F6513B00564ED9 /* ProfileFilterCell.swift */,
				63254B5729111E9F00C90DEC /* EditProfileHeader.swift */,
				63254B5B2911487000C90DEC /* EditProfileCell.swift */,
				63C5ADF62914139C0061132B /* EditProfileFooter.swift */,
			);
			path = Profile;
			sourceTree = "<group>";
		};
		639EA1F928EFF7E300564ED9 /* View */ = {
			isa = PBXGroup;
			children = (
				63254B5629111E7600C90DEC /* Profile */,
				639EA20728F318FC00564ED9 /* InputTextView.swift */,
				639EA20D28F5390900564ED9 /* TweetCell.swift */,
				639EA21B28F6919900564ED9 /* UserCell.swift */,
				63D0BA6D29003A6D009F369A /* TweetHeader.swift */,
				63D0BA732905935E009F369A /* ActionSheetCell.swift */,
				63D0BA7B2906C632009F369A /* NotificationCell.swift */,
			);
			path = View;
			sourceTree = "<group>";
		};
		639EA1FA28EFF7E800564ED9 /* ViewModel */ = {
			isa = PBXGroup;
			children = (
				63C5ADFC2916AEAC0061132B /* Authentication */,
				639EA20F28F54B1B00564ED9 /* TweetViewModel.swift */,
				639EA21928F65A6A00564ED9 /* ProfileHeaderViewModel.swift */,
				63D0BA6F2903DE0B009F369A /* UploadTweetViewModel.swift */,
				63D0BA75290598E2009F369A /* ActionSheetViewModel.swift */,
				63D0BA7D29096372009F369A /* NotificationViewModel.swift */,
				63254B59291147ED00C90DEC /* EditProfileViewModel.swift */,
			);
			path = ViewModel;
			sourceTree = "<group>";
		};
		639EA1FB28EFF7F100564ED9 /* Model */ = {
			isa = PBXGroup;
			children = (
				639EA20328F06D9A00564ED9 /* User.swift */,
				639EA20B28F5320E00564ED9 /* Tweet.swift */,
				63D0BA77290685B6009F369A /* Notification.swift */,
			);
			path = Model;
			sourceTree = "<group>";
		};
		639EA1FC28EFF7FC00564ED9 /* API */ = {
			isa = PBXGroup;
			children = (
				639EA1FF28F003E300564ED9 /* AuthService.swift */,
				639EA20128F068D500564ED9 /* UserService.swift */,
				639EA20928F31E6700564ED9 /* TweetService.swift */,
				63D0BA792906B002009F369A /* NotificationService.swift */,
			);
			path = API;
			sourceTree = "<group>";
		};
		63C5ADFC2916AEAC0061132B /* Authentication */ = {
			isa = PBXGroup;
			children = (
				63C5ADF82916A6260061132B /* LoginViewModel.swift */,
				63C5ADFA2916AC8C0061132B /* RegisterViewModel.swift */,
			);
			path = Authentication;
			sourceTree = "<group>";
		};
		74627F6172BBC51A2F2AC8C8 /* Frameworks */ = {
			isa = PBXGroup;
			children = (
				C0159610B50AE6148320A5C8 /* Pods_TwitterPractice.framework */,
			);
			name = Frameworks;
			sourceTree = "<group>";
		};
		A655AF18C9F5F374FE2B6528 /* Pods */ = {
			isa = PBXGroup;
			children = (
				D65F55A2752C446AF085974D /* Pods-TwitterPractice.debug.xcconfig */,
				230345CC2403201D3771D593 /* Pods-TwitterPractice.release.xcconfig */,
			);
			path = Pods;
			sourceTree = "<group>";
		};
/* End PBXGroup section */

/* Begin PBXNativeTarget section */
		27EF661E28EC269000C1E570 /* TwitterPractice */ = {
			isa = PBXNativeTarget;
			buildConfigurationList = 27EF663328EC269200C1E570 /* Build configuration list for PBXNativeTarget "TwitterPractice" */;
			buildPhases = (
				FFC72453796F3BC36F6E92EB /* [CP] Check Pods Manifest.lock */,
				27EF661B28EC269000C1E570 /* Sources */,
				27EF661C28EC269000C1E570 /* Frameworks */,
				27EF661D28EC269000C1E570 /* Resources */,
				C80EDAE628853ACF0EB31F72 /* [CP] Embed Pods Frameworks */,
				63D0BA6428FC3BC3009F369A /* SwiftLint */,
			);
			buildRules = (
			);
			dependencies = (
			);
			name = TwitterPractice;
			productName = TwitterPractice;
			productReference = 27EF661F28EC269000C1E570 /* TwitterPractice.app */;
			productType = "com.apple.product-type.application";
		};
/* End PBXNativeTarget section */

/* Begin PBXProject section */
		27EF661728EC269000C1E570 /* Project object */ = {
			isa = PBXProject;
			attributes = {
				BuildIndependentTargetsInParallel = 1;
				LastSwiftUpdateCheck = 1400;
				LastUpgradeCheck = 1400;
				TargetAttributes = {
					27EF661E28EC269000C1E570 = {
						CreatedOnToolsVersion = 14.0.1;
					};
				};
			};
			buildConfigurationList = 27EF661A28EC269000C1E570 /* Build configuration list for PBXProject "TwitterPractice" */;
			compatibilityVersion = "Xcode 14.0";
			developmentRegion = en;
			hasScannedForEncodings = 0;
			knownRegions = (
				en,
				Base,
			);
			mainGroup = 27EF661628EC269000C1E570;
			productRefGroup = 27EF662028EC269000C1E570 /* Products */;
			projectDirPath = "";
			projectRoot = "";
			targets = (
				27EF661E28EC269000C1E570 /* TwitterPractice */,
			);
		};
/* End PBXProject section */

/* Begin PBXResourcesBuildPhase section */
		27EF661D28EC269000C1E570 /* Resources */ = {
			isa = PBXResourcesBuildPhase;
			buildActionMask = 2147483647;
			files = (
				63D0BA6A28FC4313009F369A /* .swiftlint.yml in Resources */,
				27EF662F28EC269200C1E570 /* LaunchScreen.storyboard in Resources */,
				635B56AE28EF15A6005C13BF /* GoogleService-Info.plist in Resources */,
				27EF662C28EC269200C1E570 /* Assets.xcassets in Resources */,
				27EF662A28EC269000C1E570 /* Main.storyboard in Resources */,
			);
			runOnlyForDeploymentPostprocessing = 0;
		};
/* End PBXResourcesBuildPhase section */

/* Begin PBXShellScriptBuildPhase section */
		63D0BA6428FC3BC3009F369A /* SwiftLint */ = {
			isa = PBXShellScriptBuildPhase;
			buildActionMask = 2147483647;
			files = (
			);
			inputFileListPaths = (
			);
			inputPaths = (
			);
			name = SwiftLint;
			outputFileListPaths = (
			);
			outputPaths = (
			);
			runOnlyForDeploymentPostprocessing = 0;
			shellPath = /bin/sh;
			shellScript = "\"${PODS_ROOT}/SwiftLint/swiftlint\"\n";
		};
		C80EDAE628853ACF0EB31F72 /* [CP] Embed Pods Frameworks */ = {
			isa = PBXShellScriptBuildPhase;
			buildActionMask = 2147483647;
			files = (
			);
			inputFileListPaths = (
				"${PODS_ROOT}/Target Support Files/Pods-TwitterPractice/Pods-TwitterPractice-frameworks-${CONFIGURATION}-input-files.xcfilelist",
			);
			name = "[CP] Embed Pods Frameworks";
			outputFileListPaths = (
				"${PODS_ROOT}/Target Support Files/Pods-TwitterPractice/Pods-TwitterPractice-frameworks-${CONFIGURATION}-output-files.xcfilelist",
			);
			runOnlyForDeploymentPostprocessing = 0;
			shellPath = /bin/sh;
			shellScript = "\"${PODS_ROOT}/Target Support Files/Pods-TwitterPractice/Pods-TwitterPractice-frameworks.sh\"\n";
			showEnvVarsInLog = 0;
		};
		FFC72453796F3BC36F6E92EB /* [CP] Check Pods Manifest.lock */ = {
			isa = PBXShellScriptBuildPhase;
			buildActionMask = 2147483647;
			files = (
			);
			inputFileListPaths = (
			);
			inputPaths = (
				"${PODS_PODFILE_DIR_PATH}/Podfile.lock",
				"${PODS_ROOT}/Manifest.lock",
			);
			name = "[CP] Check Pods Manifest.lock";
			outputFileListPaths = (
			);
			outputPaths = (
				"$(DERIVED_FILE_DIR)/Pods-TwitterPractice-checkManifestLockResult.txt",
			);
			runOnlyForDeploymentPostprocessing = 0;
			shellPath = /bin/sh;
			shellScript = "diff \"${PODS_PODFILE_DIR_PATH}/Podfile.lock\" \"${PODS_ROOT}/Manifest.lock\" > /dev/null\nif [ $? != 0 ] ; then\n    # print error to STDERR\n    echo \"error: The sandbox is not in sync with the Podfile.lock. Run 'pod install' or update your CocoaPods installation.\" >&2\n    exit 1\nfi\n# This output is used by Xcode 'outputs' to avoid re-running this script phase.\necho \"SUCCESS\" > \"${SCRIPT_OUTPUT_FILE_0}\"\n";
			showEnvVarsInLog = 0;
		};
/* End PBXShellScriptBuildPhase section */

/* Begin PBXSourcesBuildPhase section */
		27EF661B28EC269000C1E570 /* Sources */ = {
			isa = PBXSourcesBuildPhase;
			buildActionMask = 2147483647;
			files = (
				639EA20228F068D500564ED9 /* UserService.swift in Sources */,
				27F2E72C28EC456200CFE9F2 /* LoginController.swift in Sources */,
				639EA20828F318FC00564ED9 /* InputTextView.swift in Sources */,
				639EA21828F6513B00564ED9 /* ProfileFilterCell.swift in Sources */,
				27F2E72528EC2AD700CFE9F2 /* NotificationController.swift in Sources */,
				639EA21C28F6919900564ED9 /* UserCell.swift in Sources */,
				27F2E73028EC65BC00CFE9F2 /* Utilities.swift in Sources */,
				63254B5529111A7E00C90DEC /* EditProfileController.swift in Sources */,
				63D0BA742905935E009F369A /* ActionSheetCell.swift in Sources */,
				27F2E72728EC2AED00CFE9F2 /* ConversationsController.swift in Sources */,
				63D0BA7E29096372009F369A /* NotificationViewModel.swift in Sources */,
				27EF662328EC269000C1E570 /* AppDelegate.swift in Sources */,
				63D0BA6C29003714009F369A /* TweetController.swift in Sources */,
				639EA21228F5720200564ED9 /* ProfileController.swift in Sources */,
				63D0BA702903DE0B009F369A /* UploadTweetViewModel.swift in Sources */,
				63C5ADFB2916AC8C0061132B /* RegisterViewModel.swift in Sources */,
				639EA21428F5A38400564ED9 /* ProfileHeader.swift in Sources */,
				63254B5C2911487000C90DEC /* EditProfileCell.swift in Sources */,
				63254B5A291147ED00C90DEC /* EditProfileViewModel.swift in Sources */,
				639EA20E28F5390900564ED9 /* TweetCell.swift in Sources */,
				27F2E72E28EC465700CFE9F2 /* RegisterationController.swift in Sources */,
				63C5ADF92916A6260061132B /* LoginViewModel.swift in Sources */,
				63D0BA78290685B6009F369A /* Notification.swift in Sources */,
				639EA20028F003E300564ED9 /* AuthService.swift in Sources */,
				639EA21A28F65A6A00564ED9 /* ProfileHeaderViewModel.swift in Sources */,
				639EA20628F310F800564ED9 /* UpLoadTweetController.swift in Sources */,
				639EA20428F06D9A00564ED9 /* User.swift in Sources */,
				63254B5829111E9F00C90DEC /* EditProfileHeader.swift in Sources */,
				27F2E72328EC2A9800CFE9F2 /* ExploreController.swift in Sources */,
				27EF662528EC269000C1E570 /* SceneDelegate.swift in Sources */,
				63D0BA7A2906B002009F369A /* NotificationService.swift in Sources */,
				27F2E71F28EC28C700CFE9F2 /* MainTabController.swift in Sources */,
				63D0BA6E29003A6D009F369A /* TweetHeader.swift in Sources */,
				639EA21028F54B1B00564ED9 /* TweetViewModel.swift in Sources */,
				63D0BA76290598E2009F369A /* ActionSheetViewModel.swift in Sources */,
				63D0BA7C2906C632009F369A /* NotificationCell.swift in Sources */,
				63C5ADF72914139C0061132B /* EditProfileFooter.swift in Sources */,
				27F2E72128EC2A4900CFE9F2 /* FeedController.swift in Sources */,
				27F2E72928EC3BF000CFE9F2 /* Extension.swift in Sources */,
				639EA1FE28EFF85000564ED9 /* Constants.swift in Sources */,
				639EA20C28F5320E00564ED9 /* Tweet.swift in Sources */,
				63D0BA7229058B5D009F369A /* ActionSheetLauncher.swift in Sources */,
				639EA20A28F31E6700564ED9 /* TweetService.swift in Sources */,
				639EA21628F64EE600564ED9 /* ProfileFillterView.swift in Sources */,
			);
			runOnlyForDeploymentPostprocessing = 0;
		};
/* End PBXSourcesBuildPhase section */

/* Begin PBXVariantGroup section */
		27EF662828EC269000C1E570 /* Main.storyboard */ = {
			isa = PBXVariantGroup;
			children = (
				27EF662928EC269000C1E570 /* Base */,
			);
			name = Main.storyboard;
			sourceTree = "<group>";
		};
		27EF662D28EC269200C1E570 /* LaunchScreen.storyboard */ = {
			isa = PBXVariantGroup;
			children = (
				27EF662E28EC269200C1E570 /* Base */,
			);
			name = LaunchScreen.storyboard;
			sourceTree = "<group>";
		};
/* End PBXVariantGroup section */

/* Begin XCBuildConfiguration section */
		27EF663128EC269200C1E570 /* Debug */ = {
			isa = XCBuildConfiguration;
			buildSettings = {
				ALWAYS_SEARCH_USER_PATHS = NO;
				CLANG_ANALYZER_NONNULL = YES;
				CLANG_ANALYZER_NUMBER_OBJECT_CONVERSION = YES_AGGRESSIVE;
				CLANG_CXX_LANGUAGE_STANDARD = "gnu++20";
				CLANG_ENABLE_MODULES = YES;
				CLANG_ENABLE_OBJC_ARC = YES;
				CLANG_ENABLE_OBJC_WEAK = YES;
				CLANG_WARN_BLOCK_CAPTURE_AUTORELEASING = YES;
				CLANG_WARN_BOOL_CONVERSION = YES;
				CLANG_WARN_COMMA = YES;
				CLANG_WARN_CONSTANT_CONVERSION = YES;
				CLANG_WARN_DEPRECATED_OBJC_IMPLEMENTATIONS = YES;
				CLANG_WARN_DIRECT_OBJC_ISA_USAGE = YES_ERROR;
				CLANG_WARN_DOCUMENTATION_COMMENTS = YES;
				CLANG_WARN_EMPTY_BODY = YES;
				CLANG_WARN_ENUM_CONVERSION = YES;
				CLANG_WARN_INFINITE_RECURSION = YES;
				CLANG_WARN_INT_CONVERSION = YES;
				CLANG_WARN_NON_LITERAL_NULL_CONVERSION = YES;
				CLANG_WARN_OBJC_IMPLICIT_RETAIN_SELF = YES;
				CLANG_WARN_OBJC_LITERAL_CONVERSION = YES;
				CLANG_WARN_OBJC_ROOT_CLASS = YES_ERROR;
				CLANG_WARN_QUOTED_INCLUDE_IN_FRAMEWORK_HEADER = YES;
				CLANG_WARN_RANGE_LOOP_ANALYSIS = YES;
				CLANG_WARN_STRICT_PROTOTYPES = YES;
				CLANG_WARN_SUSPICIOUS_MOVE = YES;
				CLANG_WARN_UNGUARDED_AVAILABILITY = YES_AGGRESSIVE;
				CLANG_WARN_UNREACHABLE_CODE = YES;
				CLANG_WARN__DUPLICATE_METHOD_MATCH = YES;
				COPY_PHASE_STRIP = NO;
				DEBUG_INFORMATION_FORMAT = dwarf;
				ENABLE_STRICT_OBJC_MSGSEND = YES;
				ENABLE_TESTABILITY = YES;
				GCC_C_LANGUAGE_STANDARD = gnu11;
				GCC_DYNAMIC_NO_PIC = NO;
				GCC_NO_COMMON_BLOCKS = YES;
				GCC_OPTIMIZATION_LEVEL = 0;
				GCC_PREPROCESSOR_DEFINITIONS = (
					"DEBUG=1",
					"$(inherited)",
				);
				GCC_WARN_64_TO_32_BIT_CONVERSION = YES;
				GCC_WARN_ABOUT_RETURN_TYPE = YES_ERROR;
				GCC_WARN_UNDECLARED_SELECTOR = YES;
				GCC_WARN_UNINITIALIZED_AUTOS = YES_AGGRESSIVE;
				GCC_WARN_UNUSED_FUNCTION = YES;
				GCC_WARN_UNUSED_VARIABLE = YES;
				IPHONEOS_DEPLOYMENT_TARGET = 13.0;
				MTL_ENABLE_DEBUG_INFO = INCLUDE_SOURCE;
				MTL_FAST_MATH = YES;
				ONLY_ACTIVE_ARCH = YES;
				SDKROOT = iphoneos;
				SWIFT_ACTIVE_COMPILATION_CONDITIONS = DEBUG;
				SWIFT_OPTIMIZATION_LEVEL = "-Onone";
			};
			name = Debug;
		};
		27EF663228EC269200C1E570 /* Release */ = {
			isa = XCBuildConfiguration;
			buildSettings = {
				ALWAYS_SEARCH_USER_PATHS = NO;
				CLANG_ANALYZER_NONNULL = YES;
				CLANG_ANALYZER_NUMBER_OBJECT_CONVERSION = YES_AGGRESSIVE;
				CLANG_CXX_LANGUAGE_STANDARD = "gnu++20";
				CLANG_ENABLE_MODULES = YES;
				CLANG_ENABLE_OBJC_ARC = YES;
				CLANG_ENABLE_OBJC_WEAK = YES;
				CLANG_WARN_BLOCK_CAPTURE_AUTORELEASING = YES;
				CLANG_WARN_BOOL_CONVERSION = YES;
				CLANG_WARN_COMMA = YES;
				CLANG_WARN_CONSTANT_CONVERSION = YES;
				CLANG_WARN_DEPRECATED_OBJC_IMPLEMENTATIONS = YES;
				CLANG_WARN_DIRECT_OBJC_ISA_USAGE = YES_ERROR;
				CLANG_WARN_DOCUMENTATION_COMMENTS = YES;
				CLANG_WARN_EMPTY_BODY = YES;
				CLANG_WARN_ENUM_CONVERSION = YES;
				CLANG_WARN_INFINITE_RECURSION = YES;
				CLANG_WARN_INT_CONVERSION = YES;
				CLANG_WARN_NON_LITERAL_NULL_CONVERSION = YES;
				CLANG_WARN_OBJC_IMPLICIT_RETAIN_SELF = YES;
				CLANG_WARN_OBJC_LITERAL_CONVERSION = YES;
				CLANG_WARN_OBJC_ROOT_CLASS = YES_ERROR;
				CLANG_WARN_QUOTED_INCLUDE_IN_FRAMEWORK_HEADER = YES;
				CLANG_WARN_RANGE_LOOP_ANALYSIS = YES;
				CLANG_WARN_STRICT_PROTOTYPES = YES;
				CLANG_WARN_SUSPICIOUS_MOVE = YES;
				CLANG_WARN_UNGUARDED_AVAILABILITY = YES_AGGRESSIVE;
				CLANG_WARN_UNREACHABLE_CODE = YES;
				CLANG_WARN__DUPLICATE_METHOD_MATCH = YES;
				COPY_PHASE_STRIP = NO;
				DEBUG_INFORMATION_FORMAT = "dwarf-with-dsym";
				ENABLE_NS_ASSERTIONS = NO;
				ENABLE_STRICT_OBJC_MSGSEND = YES;
				GCC_C_LANGUAGE_STANDARD = gnu11;
				GCC_NO_COMMON_BLOCKS = YES;
				GCC_WARN_64_TO_32_BIT_CONVERSION = YES;
				GCC_WARN_ABOUT_RETURN_TYPE = YES_ERROR;
				GCC_WARN_UNDECLARED_SELECTOR = YES;
				GCC_WARN_UNINITIALIZED_AUTOS = YES_AGGRESSIVE;
				GCC_WARN_UNUSED_FUNCTION = YES;
				GCC_WARN_UNUSED_VARIABLE = YES;
				IPHONEOS_DEPLOYMENT_TARGET = 13.0;
				MTL_ENABLE_DEBUG_INFO = NO;
				MTL_FAST_MATH = YES;
				SDKROOT = iphoneos;
				SWIFT_COMPILATION_MODE = wholemodule;
				SWIFT_OPTIMIZATION_LEVEL = "-O";
				VALIDATE_PRODUCT = YES;
			};
			name = Release;
		};
		27EF663428EC269200C1E570 /* Debug */ = {
			isa = XCBuildConfiguration;
			baseConfigurationReference = D65F55A2752C446AF085974D /* Pods-TwitterPractice.debug.xcconfig */;
			buildSettings = {
				ASSETCATALOG_COMPILER_APPICON_NAME = AppIcon;
				ASSETCATALOG_COMPILER_GLOBAL_ACCENT_COLOR_NAME = AccentColor;
				CODE_SIGN_STYLE = Automatic;
				CURRENT_PROJECT_VERSION = 1;
				DEVELOPMENT_TEAM = BGU99JP2HN;
				GENERATE_INFOPLIST_FILE = YES;
				INFOPLIST_FILE = TwitterPractice/Info.plist;
				INFOPLIST_KEY_UIApplicationSupportsIndirectInputEvents = YES;
				INFOPLIST_KEY_UILaunchStoryboardName = LaunchScreen;
				INFOPLIST_KEY_UIMainStoryboardFile = Main;
				INFOPLIST_KEY_UISupportedInterfaceOrientations = UIInterfaceOrientationPortrait;
				LD_RUNPATH_SEARCH_PATHS = (
					"$(inherited)",
					"@executable_path/Frameworks",
				);
				MARKETING_VERSION = 1.0;
				PRODUCT_BUNDLE_IDENTIFIER = Kyle.TwitterPractice;
				PRODUCT_NAME = "$(TARGET_NAME)";
				SUPPORTED_PLATFORMS = "iphoneos iphonesimulator";
				SUPPORTS_MACCATALYST = NO;
				SUPPORTS_MAC_DESIGNED_FOR_IPHONE_IPAD = NO;
				SWIFT_EMIT_LOC_STRINGS = YES;
				SWIFT_VERSION = 5.0;
				TARGETED_DEVICE_FAMILY = 1;
			};
			name = Debug;
		};
		27EF663528EC269200C1E570 /* Release */ = {
			isa = XCBuildConfiguration;
			baseConfigurationReference = 230345CC2403201D3771D593 /* Pods-TwitterPractice.release.xcconfig */;
			buildSettings = {
				ASSETCATALOG_COMPILER_APPICON_NAME = AppIcon;
				ASSETCATALOG_COMPILER_GLOBAL_ACCENT_COLOR_NAME = AccentColor;
				CODE_SIGN_STYLE = Automatic;
				CURRENT_PROJECT_VERSION = 1;
				DEVELOPMENT_TEAM = BGU99JP2HN;
				GENERATE_INFOPLIST_FILE = YES;
				INFOPLIST_FILE = TwitterPractice/Info.plist;
				INFOPLIST_KEY_UIApplicationSupportsIndirectInputEvents = YES;
				INFOPLIST_KEY_UILaunchStoryboardName = LaunchScreen;
				INFOPLIST_KEY_UIMainStoryboardFile = Main;
				INFOPLIST_KEY_UISupportedInterfaceOrientations = UIInterfaceOrientationPortrait;
				LD_RUNPATH_SEARCH_PATHS = (
					"$(inherited)",
					"@executable_path/Frameworks",
				);
				MARKETING_VERSION = 1.0;
				PRODUCT_BUNDLE_IDENTIFIER = Kyle.TwitterPractice;
				PRODUCT_NAME = "$(TARGET_NAME)";
				SUPPORTED_PLATFORMS = "iphoneos iphonesimulator";
				SUPPORTS_MACCATALYST = NO;
				SUPPORTS_MAC_DESIGNED_FOR_IPHONE_IPAD = NO;
				SWIFT_EMIT_LOC_STRINGS = YES;
				SWIFT_VERSION = 5.0;
				TARGETED_DEVICE_FAMILY = 1;
			};
			name = Release;
		};
/* End XCBuildConfiguration section */

/* Begin XCConfigurationList section */
		27EF661A28EC269000C1E570 /* Build configuration list for PBXProject "TwitterPractice" */ = {
			isa = XCConfigurationList;
			buildConfigurations = (
				27EF663128EC269200C1E570 /* Debug */,
				27EF663228EC269200C1E570 /* Release */,
			);
			defaultConfigurationIsVisible = 0;
			defaultConfigurationName = Release;
		};
		27EF663328EC269200C1E570 /* Build configuration list for PBXNativeTarget "TwitterPractice" */ = {
			isa = XCConfigurationList;
			buildConfigurations = (
				27EF663428EC269200C1E570 /* Debug */,
				27EF663528EC269200C1E570 /* Release */,
			);
			defaultConfigurationIsVisible = 0;
			defaultConfigurationName = Release;
		};
/* End XCConfigurationList section */
	};
	rootObject = 27EF661728EC269000C1E570 /* Project object */;
}
